{
  "version": 4,
  "terraform_version": "1.5.7",
  "serial": 5,
  "lineage": "8d39ec1e-3854-9c61-c178-9a99729611d2",
  "outputs": {},
  "resources": [
    {
      "mode": "data",
      "type": "tencentcloud_availability_zones_by_product",
      "name": "default",
      "provider": "provider[\"registry.terraform.io/tencentcloudstack/tencentcloud\"]",
      "instances": [
        {
          "schema_version": 0,
          "attributes": {
            "id": "1851109860",
            "include_unavailable": null,
            "name": null,
            "product": "cvm",
            "result_output_file": null,
            "zones": [
              {
                "description": "Hong Kong Zone 2",
                "id": "300002",
                "name": "ap-hongkong-2",
                "state": "AVAILABLE"
              },
              {
                "description": "Hong Kong Zone 3",
                "id": "300003",
                "name": "ap-hongkong-3",
                "state": "AVAILABLE"
              }
            ]
          },
          "sensitive_attributes": []
        }
      ]
    },
    {
      "mode": "data",
      "type": "tencentcloud_images",
      "name": "default",
      "provider": "provider[\"registry.terraform.io/tencentcloudstack/tencentcloud\"]",
      "instances": [
        {
          "schema_version": 0,
          "attributes": {
            "id": "363083216",
            "image_id": null,
            "image_name_regex": null,
            "image_type": [
              "PUBLIC_IMAGE"
            ],
            "images": [
              {
                "architecture": "x86_64",
                "created_time": "",
                "image_creator": "",
                "image_description": "Ubuntu Server 22.04 LTS 64bit",
                "image_id": "img-487zeit5",
                "image_name": "Ubuntu Server 22.04 LTS 64bit",
                "image_size": 20,
                "image_source": "OFFICIAL",
                "image_state": "NORMAL",
                "image_type": "PUBLIC_IMAGE",
                "os_name": "Ubuntu Server 22.04 LTS 64bit",
                "platform": "Ubuntu",
                "snapshots": [],
                "support_cloud_init": true,
                "sync_percent": 0
              },
              {
                "architecture": "x86_64",
                "created_time": "",
                "image_creator": "",
                "image_description": "Ubuntu Server 20.04 LTS 64bit",
                "image_id": "img-22trbn9x",
                "image_name": "Ubuntu Server 20.04 LTS 64bit",
                "image_size": 20,
                "image_source": "OFFICIAL",
                "image_state": "NORMAL",
                "image_type": "PUBLIC_IMAGE",
                "os_name": "Ubuntu Server 20.04 LTS 64bit",
                "platform": "Ubuntu",
                "snapshots": [],
                "support_cloud_init": true,
                "sync_percent": 0
              },
              {
                "architecture": "x86_64",
                "created_time": "",
                "image_creator": "",
                "image_description": "Ubuntu Server 20.04 LTS 64bit GRID11.1",
                "image_id": "img-j10l2cnz",
                "image_name": "Ubuntu Server 20.04 LTS 64bit GRID11.1",
                "image_size": 20,
                "image_source": "OFFICIAL",
                "image_state": "NORMAL",
                "image_type": "PUBLIC_IMAGE",
                "os_name": "Ubuntu Server 20.04 LTS 64bit GRID11.1",
                "platform": "Ubuntu",
                "snapshots": [],
                "support_cloud_init": true,
                "sync_percent": 0
              },
              {
                "architecture": "arm",
                "created_time": "",
                "image_creator": "",
                "image_description": "Ubuntu 20.04(arm64)",
                "image_id": "img-2eokmhf5",
                "image_name": "Ubuntu 20.04(arm64)",
                "image_size": 20,
                "image_source": "OFFICIAL",
                "image_state": "NORMAL",
                "image_type": "PUBLIC_IMAGE",
                "os_name": "Ubuntu 20.04(arm64)",
                "platform": "Ubuntu",
                "snapshots": [],
                "support_cloud_init": true,
                "sync_percent": 0
              },
              {
                "architecture": "x86_64",
                "created_time": "",
                "image_creator": "",
                "image_description": "Ubuntu Server 18.04 LTS 64bit",
                "image_id": "img-pi0ii46r",
                "image_name": "Ubuntu Server 18.04 LTS 64bit",
                "image_size": 20,
                "image_source": "OFFICIAL",
                "image_state": "NORMAL",
                "image_type": "PUBLIC_IMAGE",
                "os_name": "Ubuntu Server 18.04 LTS 64bit",
                "platform": "Ubuntu",
                "snapshots": [],
                "support_cloud_init": true,
                "sync_percent": 0
              },
              {
                "architecture": "arm",
                "created_time": "",
                "image_creator": "",
                "image_description": "Ubuntu 18.04(arm64)",
                "image_id": "img-9eh8c1p1",
                "image_name": "Ubuntu 18.04(arm64)",
                "image_size": 20,
                "image_source": "OFFICIAL",
                "image_state": "NORMAL",
                "image_type": "PUBLIC_IMAGE",
                "os_name": "Ubuntu 18.04(arm64)",
                "platform": "Ubuntu",
                "snapshots": [],
                "support_cloud_init": true,
                "sync_percent": 0
              },
              {
                "architecture": "x86_64",
                "created_time": "",
                "image_creator": "",
                "image_description": "Ubuntu Server 16.04 LTS 64bit",
                "image_id": "img-pyqx34y1",
                "image_name": "Ubuntu Server 16.04 LTS 64bit",
                "image_size": 20,
                "image_source": "OFFICIAL",
                "image_state": "NORMAL",
                "image_type": "PUBLIC_IMAGE",
                "os_name": "Ubuntu Server 16.04 LTS 64bit",
                "platform": "Ubuntu",
                "snapshots": [],
                "support_cloud_init": true,
                "sync_percent": 0
              },
              {
                "architecture": "i386",
                "created_time": "",
                "image_creator": "",
                "image_description": "Ubuntu Server 16.04 LTS 32bit",
                "image_id": "img-8u6dn6p1",
                "image_name": "Ubuntu Server 16.04 LTS 32bit",
                "image_size": 20,
                "image_source": "OFFICIAL",
                "image_state": "NORMAL",
                "image_type": "PUBLIC_IMAGE",
                "os_name": "Ubuntu Server 16.04 LTS 32bit",
                "platform": "Ubuntu",
                "snapshots": [],
                "support_cloud_init": true,
                "sync_percent": 0
              },
              {
                "architecture": "x86_64",
                "created_time": "",
                "image_creator": "",
                "image_description": "Ubuntu Server 14.04 LTS 64bit",
                "image_id": "img-3wnd9xpl",
                "image_name": "Ubuntu Server 14.04 LTS 64bit",
                "image_size": 20,
                "image_source": "OFFICIAL",
                "image_state": "NORMAL",
                "image_type": "PUBLIC_IMAGE",
                "os_name": "Ubuntu Server 14.04 LTS 64bit",
                "platform": "Ubuntu",
                "snapshots": [],
                "support_cloud_init": true,
                "sync_percent": 0
              },
              {
                "architecture": "i386",
                "created_time": "",
                "image_creator": "",
                "image_description": "Ubuntu Server 14.04 LTS 32bit",
                "image_id": "img-qpxvpujt",
                "image_name": "Ubuntu Server 14.04 LTS 32bit",
                "image_size": 50,
                "image_source": "OFFICIAL",
                "image_state": "NORMAL",
                "image_type": "PUBLIC_IMAGE",
                "os_name": "Ubuntu Server 14.04 LTS 32bit",
                "platform": "Ubuntu",
                "snapshots": [],
                "support_cloud_init": false,
                "sync_percent": 0
              }
            ],
            "instance_type": null,
            "os_name": "ubuntu",
            "result_output_file": null
          },
          "sensitive_attributes": []
        }
      ]
    },
    {
      "mode": "data",
      "type": "tencentcloud_instance_types",
      "name": "default",
      "provider": "provider[\"registry.terraform.io/tencentcloudstack/tencentcloud\"]",
      "instances": [
        {
          "schema_version": 0,
          "attributes": {
            "availability_zone": null,
            "cpu_core_count": 2,
            "exclude_sold_out": false,
            "filter": [
              {
                "name": "instance-family",
                "values": [
                  "S5"
                ]
              }
            ],
            "gpu_core_count": null,
            "id": "3046689892",
            "instance_types": [
              {
                "availability_zone": "ap-hongkong-2",
                "cpu_core_count": 2,
                "family": "S5",
                "gpu_core_count": 0,
                "instance_charge_type": "PREPAID",
                "instance_type": "S5.MEDIUM2",
                "memory_size": 2,
                "status": "SELL"
              },
              {
                "availability_zone": "ap-hongkong-3",
                "cpu_core_count": 2,
                "family": "S5",
                "gpu_core_count": 0,
                "instance_charge_type": "PREPAID",
                "instance_type": "S5.MEDIUM2",
                "memory_size": 2,
                "status": "SELL"
              },
              {
                "availability_zone": "ap-hongkong-2",
                "cpu_core_count": 2,
                "family": "S5",
                "gpu_core_count": 0,
                "instance_charge_type": "POSTPAID_BY_HOUR",
                "instance_type": "S5.MEDIUM2",
                "memory_size": 2,
                "status": "SELL"
              },
              {
                "availability_zone": "ap-hongkong-3",
                "cpu_core_count": 2,
                "family": "S5",
                "gpu_core_count": 0,
                "instance_charge_type": "POSTPAID_BY_HOUR",
                "instance_type": "S5.MEDIUM2",
                "memory_size": 2,
                "status": "SELL"
              },
              {
                "availability_zone": "ap-hongkong-3",
                "cpu_core_count": 2,
                "family": "S5",
                "gpu_core_count": 0,
                "instance_charge_type": "SPOTPAID",
                "instance_type": "S5.MEDIUM2",
                "memory_size": 2,
                "status": "SELL"
              },
              {
                "availability_zone": "ap-hongkong-2",
                "cpu_core_count": 2,
                "family": "S5",
                "gpu_core_count": 0,
                "instance_charge_type": "SPOTPAID",
                "instance_type": "S5.MEDIUM2",
                "memory_size": 2,
                "status": "SELL"
              }
            ],
            "memory_size": 2,
            "result_output_file": null
          },
          "sensitive_attributes": []
        }
      ]
    },
    {
      "mode": "managed",
      "type": "null_resource",
      "name": "connect_ubuntu",
      "provider": "provider[\"registry.terraform.io/hashicorp/null\"]",
      "instances": [
        {
          "schema_version": 0,
          "attributes": {
            "id": "180998049576651773",
            "triggers": null
          },
          "sensitive_attributes": [],
          "dependencies": [
            "data.tencentcloud_availability_zones_by_product.default",
            "data.tencentcloud_images.default",
            "data.tencentcloud_instance_types.default",
            "tencentcloud_instance.web",
            "tencentcloud_security_group.default",
            "tencentcloud_security_group_lite_rule.default"
          ]
        }
      ]
    },
    {
      "mode": "managed",
      "type": "tencentcloud_instance",
      "name": "web",
      "provider": "provider[\"registry.terraform.io/tencentcloudstack/tencentcloud\"]",
      "instances": [
        {
          "index_key": 0,
          "schema_version": 0,
          "attributes": {
            "allocate_public_ip": true,
            "availability_zone": "ap-hongkong-2",
            "bandwidth_package_id": null,
            "cam_role_name": "",
            "cdh_host_id": null,
            "cdh_instance_type": null,
            "create_time": "2023-10-11T10:08:40Z",
            "data_disks": [],
            "disable_api_termination": false,
            "disable_monitor_service": false,
            "disable_security_service": false,
            "expired_time": "",
            "force_delete": false,
            "hostname": null,
            "id": "ins-pp53pazo",
            "image_id": "img-487zeit5",
            "instance_charge_type": "SPOTPAID",
            "instance_charge_type_prepaid_period": null,
            "instance_charge_type_prepaid_renew_flag": "",
            "instance_count": null,
            "instance_name": "web server",
            "instance_status": "RUNNING",
            "instance_type": "S5.MEDIUM2",
            "internet_charge_type": "TRAFFIC_POSTPAID_BY_HOUR",
            "internet_max_bandwidth_out": 20,
            "keep_image_login": null,
            "key_ids": [],
            "key_name": "",
            "orderly_security_groups": [
              "sg-nmcl0yt9"
            ],
            "password": "password123",
            "placement_group_id": null,
            "private_ip": "172.19.0.7",
            "project_id": 0,
            "public_ip": "43.132.192.102",
            "running_flag": true,
            "security_groups": [
              "sg-nmcl0yt9"
            ],
            "spot_instance_type": "ONE-TIME",
            "spot_max_price": "0.016",
            "stopped_mode": null,
            "subnet_id": "subnet-5fed21ib",
            "system_disk_id": "disk-7jkzuale",
            "system_disk_size": 50,
            "system_disk_type": "CLOUD_PREMIUM",
            "tags": null,
            "user_data": null,
            "user_data_raw": null,
            "vpc_id": "vpc-fc55nbps"
          },
          "sensitive_attributes": [],
          "private": "bnVsbA==",
          "dependencies": [
            "data.tencentcloud_availability_zones_by_product.default",
            "data.tencentcloud_images.default",
            "data.tencentcloud_instance_types.default",
            "tencentcloud_security_group.default",
            "tencentcloud_security_group_lite_rule.default"
          ]
        }
      ]
    },
    {
      "mode": "managed",
      "type": "tencentcloud_security_group",
      "name": "default",
      "provider": "provider[\"registry.terraform.io/tencentcloudstack/tencentcloud\"]",
      "instances": [
        {
          "schema_version": 0,
          "attributes": {
            "description": "make it accessible for both production and stage ports",
            "id": "sg-nmcl0yt9",
            "name": "web accessibility",
            "project_id": 0,
            "tags": null
          },
          "sensitive_attributes": [],
          "private": "bnVsbA=="
        }
      ]
    },
    {
      "mode": "managed",
      "type": "tencentcloud_security_group_lite_rule",
      "name": "default",
      "provider": "provider[\"registry.terraform.io/tencentcloudstack/tencentcloud\"]",
      "instances": [
        {
          "schema_version": 0,
          "attributes": {
            "egress": [
              "ACCEPT#0.0.0.0/0#ALL#ALL"
            ],
            "id": "sg-nmcl0yt9",
            "ingress": [
              "ACCEPT#0.0.0.0/0#22#TCP",
              "ACCEPT#0.0.0.0/0#6443#TCP"
            ],
            "security_group_id": "sg-nmcl0yt9"
          },
          "sensitive_attributes": [],
          "private": "bnVsbA==",
          "dependencies": [
            "tencentcloud_security_group.default"
          ]
        }
      ]
    }
  ],
  "check_results": null
}
