{
  "version": 4,
  "terraform_version": "1.5.7",
  "serial": 3,
  "lineage": "dfd4b5c0-de35-a5ee-2d72-50285e07a076",
  "outputs": {},
  "resources": [
    {
      "mode": "data",
      "type": "tencentcloud_user_info",
      "name": "info",
      "provider": "provider[\"registry.terraform.io/tencentcloudstack/tencentcloud\"]",
      "instances": [
        {
          "schema_version": 0,
          "attributes": {
            "app_id": "1320728301",
            "id": "user-100033707654-1320728301-6505",
            "name": "terraform",
            "owner_uin": "100033222483",
            "result_output_file": null,
            "uin": "100033707654"
          },
          "sensitive_attributes": []
        }
      ]
    },
    {
      "mode": "managed",
      "type": "tencentcloud_cos_bucket",
      "name": "terraform-state",
      "provider": "provider[\"registry.terraform.io/tencentcloudstack/tencentcloud\"]",
      "instances": [
        {
          "schema_version": 0,
          "attributes": {
            "acceleration_enable": false,
            "acl": "private",
            "acl_body": null,
            "bucket": "terraform-state-1320728301",
            "cors_rules": [],
            "cos_bucket_url": "terraform-state-1320728301.cos.ap-guangzhou.myqcloud.com",
            "enable_intelligent_tiering": null,
            "encryption_algorithm": "AES256",
            "force_clean": false,
            "id": "terraform-state-1320728301",
            "intelligent_tiering_days": null,
            "intelligent_tiering_request_frequent": null,
            "lifecycle_rules": [],
            "log_enable": false,
            "log_prefix": "",
            "log_target_bucket": "",
            "multi_az": null,
            "origin_domain_rules": [],
            "origin_pull_rules": [],
            "replica_role": null,
            "replica_rules": [],
            "tags": null,
            "versioning_enable": false,
            "website": []
          },
          "sensitive_attributes": [],
          "private": "bnVsbA==",
          "dependencies": [
            "data.tencentcloud_user_info.info"
          ]
        }
      ]
    }
  ],
  "check_results": null
}
